
Microsoft Visual Studio Solution File, Format Version 12.00
# Visual Studio Version 17
VisualStudioVersion = 17.7.34202.233
MinimumVisualStudioVersion = 10.0.40219.1
Project("{FAE04EC0-301F-11D3-BF4B-00C04F79EFBC}") = "LAB-02-TASK-01", "LAB-02-TASK-01\LAB-02-TASK-01.csproj", "{88B1D65F-BEDD-4DE0-8B4A-76164F495B5D}"
EndProject
Project("{FAE04EC0-301F-11D3-BF4B-00C04F79EFBC}") = "SubscriptionsClass", "LAB-02-TASK-01\SubscriptionsClass\SubscriptionsClass.csproj", "{4EB69111-63F9-45FD-8AA5-D1FBEB2ADA7A}"
EndProject
Project("{FAE04EC0-301F-11D3-BF4B-00C04F79EFBC}") = "FactoryClass", "LAB-02-TASK-01\FactoryClass\FactoryClass.csproj", "{59B4772D-EE6D-4F67-8704-CDE7C8D26D03}"
EndProject
Project("{FAE04EC0-301F-11D3-BF4B-00C04F79EFBC}") = "LAB-02-TASK-02", "LAB-02-TASK-02\LAB-02-TASK-02.csproj", "{F7316EDB-1B33-407A-B2DE-08F0A1B74050}"
EndProject
Project("{2150E333-8FDC-42A3-9474-1A3956D46DE8}") = "TASK-01", "TASK-01", "{9486C56A-2519-4218-A000-DE029EDA3E8D}"
EndProject
Project("{2150E333-8FDC-42A3-9474-1A3956D46DE8}") = "TASK-02", "TASK-02", "{8F3727D9-766D-44B0-8E70-0E232BCC70AF}"
EndProject
Project("{2150E333-8FDC-42A3-9474-1A3956D46DE8}") = "TASK-03", "TASK-03", "{F48D601F-CFF1-48E8-BC0C-AD81DA5F58C8}"
EndProject
Project("{FAE04EC0-301F-11D3-BF4B-00C04F79EFBC}") = "LAB-02-TASK-03", "LAB-02-TASK-03\LAB-02-TASK-03.csproj", "{98853240-87C2-46FC-812E-C17C3C422814}"
EndProject
Project("{FAE04EC0-301F-11D3-BF4B-00C04F79EFBC}") = "LAB-02-TASK-04", "LAB-02-TASK-04\LAB-02-TASK-04.csproj", "{856F84B0-A5E6-4C90-8808-2714D67CB5B9}"
EndProject
Project("{2150E333-8FDC-42A3-9474-1A3956D46DE8}") = "TASK-04", "TASK-04", "{C0397B8F-4A68-42DC-A9BF-DA75313E9875}"
EndProject
Project("{2150E333-8FDC-42A3-9474-1A3956D46DE8}") = "TASK-05", "TASK-05", "{4D333A22-77FD-4E1F-AB30-17223622E4B6}"
EndProject
Project("{FAE04EC0-301F-11D3-BF4B-00C04F79EFBC}") = "LAB-02-TASK-05", "LAB-02-TASK-05\LAB-02-TASK-05.csproj", "{79D40875-1AC0-408C-BD3E-05EB6FE4052C}"
EndProject
Global
	GlobalSection(SolutionConfigurationPlatforms) = preSolution
		Debug|Any CPU = Debug|Any CPU
		Release|Any CPU = Release|Any CPU
	EndGlobalSection
	GlobalSection(ProjectConfigurationPlatforms) = postSolution
		{88B1D65F-BEDD-4DE0-8B4A-76164F495B5D}.Debug|Any CPU.ActiveCfg = Debug|Any CPU
		{88B1D65F-BEDD-4DE0-8B4A-76164F495B5D}.Debug|Any CPU.Build.0 = Debug|Any CPU
		{88B1D65F-BEDD-4DE0-8B4A-76164F495B5D}.Release|Any CPU.ActiveCfg = Release|Any CPU
		{88B1D65F-BEDD-4DE0-8B4A-76164F495B5D}.Release|Any CPU.Build.0 = Release|Any CPU
		{4EB69111-63F9-45FD-8AA5-D1FBEB2ADA7A}.Debug|Any CPU.ActiveCfg = Debug|Any CPU
		{4EB69111-63F9-45FD-8AA5-D1FBEB2ADA7A}.Debug|Any CPU.Build.0 = Debug|Any CPU
		{4EB69111-63F9-45FD-8AA5-D1FBEB2ADA7A}.Release|Any CPU.ActiveCfg = Release|Any CPU
		{4EB69111-63F9-45FD-8AA5-D1FBEB2ADA7A}.Release|Any CPU.Build.0 = Release|Any CPU
		{59B4772D-EE6D-4F67-8704-CDE7C8D26D03}.Debug|Any CPU.ActiveCfg = Debug|Any CPU
		{59B4772D-EE6D-4F67-8704-CDE7C8D26D03}.Debug|Any CPU.Build.0 = Debug|Any CPU
		{59B4772D-EE6D-4F67-8704-CDE7C8D26D03}.Release|Any CPU.ActiveCfg = Release|Any CPU
		{59B4772D-EE6D-4F67-8704-CDE7C8D26D03}.Release|Any CPU.Build.0 = Release|Any CPU
		{F7316EDB-1B33-407A-B2DE-08F0A1B74050}.Debug|Any CPU.ActiveCfg = Debug|Any CPU
		{F7316EDB-1B33-407A-B2DE-08F0A1B74050}.Debug|Any CPU.Build.0 = Debug|Any CPU
		{F7316EDB-1B33-407A-B2DE-08F0A1B74050}.Release|Any CPU.ActiveCfg = Release|Any CPU
		{F7316EDB-1B33-407A-B2DE-08F0A1B74050}.Release|Any CPU.Build.0 = Release|Any CPU
		{98853240-87C2-46FC-812E-C17C3C422814}.Debug|Any CPU.ActiveCfg = Debug|Any CPU
		{98853240-87C2-46FC-812E-C17C3C422814}.Debug|Any CPU.Build.0 = Debug|Any CPU
		{98853240-87C2-46FC-812E-C17C3C422814}.Release|Any CPU.ActiveCfg = Release|Any CPU
		{98853240-87C2-46FC-812E-C17C3C422814}.Release|Any CPU.Build.0 = Release|Any CPU
		{856F84B0-A5E6-4C90-8808-2714D67CB5B9}.Debug|Any CPU.ActiveCfg = Debug|Any CPU
		{856F84B0-A5E6-4C90-8808-2714D67CB5B9}.Debug|Any CPU.Build.0 = Debug|Any CPU
		{856F84B0-A5E6-4C90-8808-2714D67CB5B9}.Release|Any CPU.ActiveCfg = Release|Any CPU
		{856F84B0-A5E6-4C90-8808-2714D67CB5B9}.Release|Any CPU.Build.0 = Release|Any CPU
		{79D40875-1AC0-408C-BD3E-05EB6FE4052C}.Debug|Any CPU.ActiveCfg = Debug|Any CPU
		{79D40875-1AC0-408C-BD3E-05EB6FE4052C}.Debug|Any CPU.Build.0 = Debug|Any CPU
		{79D40875-1AC0-408C-BD3E-05EB6FE4052C}.Release|Any CPU.ActiveCfg = Release|Any CPU
		{79D40875-1AC0-408C-BD3E-05EB6FE4052C}.Release|Any CPU.Build.0 = Release|Any CPU
	EndGlobalSection
	GlobalSection(SolutionProperties) = preSolution
		HideSolutionNode = FALSE
	EndGlobalSection
	GlobalSection(NestedProjects) = preSolution
		{88B1D65F-BEDD-4DE0-8B4A-76164F495B5D} = {9486C56A-2519-4218-A000-DE029EDA3E8D}
		{4EB69111-63F9-45FD-8AA5-D1FBEB2ADA7A} = {9486C56A-2519-4218-A000-DE029EDA3E8D}
		{59B4772D-EE6D-4F67-8704-CDE7C8D26D03} = {9486C56A-2519-4218-A000-DE029EDA3E8D}
		{F7316EDB-1B33-407A-B2DE-08F0A1B74050} = {8F3727D9-766D-44B0-8E70-0E232BCC70AF}
		{98853240-87C2-46FC-812E-C17C3C422814} = {F48D601F-CFF1-48E8-BC0C-AD81DA5F58C8}
		{856F84B0-A5E6-4C90-8808-2714D67CB5B9} = {C0397B8F-4A68-42DC-A9BF-DA75313E9875}
		{79D40875-1AC0-408C-BD3E-05EB6FE4052C} = {4D333A22-77FD-4E1F-AB30-17223622E4B6}
	EndGlobalSection
	GlobalSection(ExtensibilityGlobals) = postSolution
		SolutionGuid = {8AD477E1-349B-4ADD-AD15-CF91D09A6542}
	EndGlobalSection
EndGlobal
